{
  "name": "projeto",
  "lockfileVersion": 3,
  "requires": true,
  "packages": {
    "": {
      "dependencies": {
        "@owsas/nominatim-js": "^1.0.1",
        "leaflet": "^1.9.4"
      }
    },
    "node_modules/@owsas/nominatim-js": {
      "version": "1.0.1",
      "resolved": "https://registry.npmjs.org/@owsas/nominatim-js/-/nominatim-js-1.0.1.tgz",
      "integrity": "sha512-iGZHKfg6+CIU9ahMrGaLUT/7sGE0//lwq07ciq4wUsSc64KH1wIS16WJipsh7t1kwfaOJ5H1pb3mEi0lErkC/A=="
    },
    "node_modules/leaflet": {
      "version": "1.9.4",
      "resolved": "https://registry.npmjs.org/leaflet/-/leaflet-1.9.4.tgz",
      "integrity": "sha512-nxS1ynzJOmOlHp+iL3FyWqK89GtNL8U8rvlMOsQdTTssxZwCXh8N2NB3GDQOL+YR3XnWyZAxwQixURb+FA74PA=="
    }
  }
}
